
Microsoft Visual Studio Solution File, Format Version 12.00
# Visual Studio Version 17
VisualStudioVersion = 17.4.33213.308
MinimumVisualStudioVersion = 10.0.40219.1
Project("{FAE04EC0-301F-11D3-BF4B-00C04F79EFBC}") = "CSV_Demo", "CSV_Demo\CSV_Demo.csproj", "{D2469F7C-4D96-4352-870B-8510468279DA}"
EndProject
Global
	GlobalSection(SolutionConfigurationPlatforms) = preSolution
		Debug|Any CPU = Debug|Any CPU
		Release|Any CPU = Release|Any CPU
	EndGlobalSection
	GlobalSection(ProjectConfigurationPlatforms) = postSolution
		{D2469F7C-4D96-4352-870B-8510468279DA}.Debug|Any CPU.ActiveCfg = Debug|Any CPU
		{D2469F7C-4D96-4352-870B-8510468279DA}.Debug|Any CPU.Build.0 = Debug|Any CPU
		{D2469F7C-4D96-4352-870B-8510468279DA}.Release|Any CPU.ActiveCfg = Release|Any CPU
		{D2469F7C-4D96-4352-870B-8510468279DA}.Release|Any CPU.Build.0 = Release|Any CPU
	EndGlobalSection
	GlobalSection(SolutionProperties) = preSolution
		HideSolutionNode = FALSE
	EndGlobalSection
	GlobalSection(ExtensibilityGlobals) = postSolution
		SolutionGuid = {D680D83B-9CFD-4B22-8344-79EAEF5FFC57}
	EndGlobalSection
EndGlobal
